// !$*UTF8*$!
{
	archiveVersion = 1;
	classes = {
	};
	objectVersion = 46;
	objects = {

/* Begin PBXBuildFile section */
		9B6AB1871C0D9A4800441919 /* AppDelegate.swift in Sources */ = {isa = PBXBuildFile; fileRef = 9B6AB1861C0D9A4800441919 /* AppDelegate.swift */; };
		9B6AB1891C0D9A4800441919 /* ViewController.swift in Sources */ = {isa = PBXBuildFile; fileRef = 9B6AB1881C0D9A4800441919 /* ViewController.swift */; };
		9B6AB18C1C0D9A4800441919 /* Main.storyboard in Resources */ = {isa = PBXBuildFile; fileRef = 9B6AB18A1C0D9A4800441919 /* Main.storyboard */; };
		9B6AB18E1C0D9A4800441919 /* Assets.xcassets in Resources */ = {isa = PBXBuildFile; fileRef = 9B6AB18D1C0D9A4800441919 /* Assets.xcassets */; };
		9B6AB1911C0D9A4800441919 /* LaunchScreen.storyboard in Resources */ = {isa = PBXBuildFile; fileRef = 9B6AB18F1C0D9A4800441919 /* LaunchScreen.storyboard */; };
		9B6AB19C1C0D9A4800441919 /* tabIndicatorTests.swift in Sources */ = {isa = PBXBuildFile; fileRef = 9B6AB19B1C0D9A4800441919 /* tabIndicatorTests.swift */; };
		9B6AB1A71C0D9A4800441919 /* tabIndicatorUITests.swift in Sources */ = {isa = PBXBuildFile; fileRef = 9B6AB1A61C0D9A4800441919 /* tabIndicatorUITests.swift */; };
		9B6AB1B71C0D9A6200441919 /* TBActivityView.m in Sources */ = {isa = PBXBuildFile; fileRef = 9B6AB1B61C0D9A6200441919 /* TBActivityView.m */; };
/* End PBXBuildFile section */

/* Begin PBXContainerItemProxy section */
		9B6AB1981C0D9A4800441919 /* PBXContainerItemProxy */ = {
			isa = PBXContainerItemProxy;
			containerPortal = 9B6AB17B1C0D9A4800441919 /* Project object */;
			proxyType = 1;
			remoteGlobalIDString = 9B6AB1821C0D9A4800441919;
			remoteInfo = tabIndicator;
		};
		9B6AB1A31C0D9A4800441919 /* PBXContainerItemProxy */ = {
			isa = PBXContainerItemProxy;
			containerPortal = 9B6AB17B1C0D9A4800441919 /* Project object */;
			proxyType = 1;
			remoteGlobalIDString = 9B6AB1821C0D9A4800441919;
			remoteInfo = tabIndicator;
		};
/* End PBXContainerItemProxy section */

/* Begin PBXFileReference section */
		9B6AB1831C0D9A4800441919 /* tabIndicator.app */ = {isa = PBXFileReference; explicitFileType = wrapper.application; includeInIndex = 0; path = tabIndicator.app; sourceTree = BUILT_PRODUCTS_DIR; };
		9B6AB1861C0D9A4800441919 /* AppDelegate.swift */ = {isa = PBXFileReference; lastKnownFileType = sourcecode.swift; path = AppDelegate.swift; sourceTree = "<group>"; };
		9B6AB1881C0D9A4800441919 /* ViewController.swift */ = {isa = PBXFileReference; lastKnownFileType = sourcecode.swift; path = ViewController.swift; sourceTree = "<group>"; };
		9B6AB18B1C0D9A4800441919 /* Base */ = {isa = PBXFileReference; lastKnownFileType = file.storyboard; name = Base; path = Base.lproj/Main.storyboard; sourceTree = "<group>"; };
		9B6AB18D1C0D9A4800441919 /* Assets.xcassets */ = {isa = PBXFileReference; lastKnownFileType = folder.assetcatalog; path = Assets.xcassets; sourceTree = "<group>"; };
		9B6AB1901C0D9A4800441919 /* Base */ = {isa = PBXFileReference; lastKnownFileType = file.storyboard; name = Base; path = Base.lproj/LaunchScreen.storyboard; sourceTree = "<group>"; };
		9B6AB1921C0D9A4800441919 /* Info.plist */ = {isa = PBXFileReference; lastKnownFileType = text.plist.xml; path = Info.plist; sourceTree = "<group>"; };
		9B6AB1971C0D9A4800441919 /* tabIndicatorTests.xctest */ = {isa = PBXFileReference; explicitFileType = wrapper.cfbundle; includeInIndex = 0; path = tabIndicatorTests.xctest; sourceTree = BUILT_PRODUCTS_DIR; };
		9B6AB19B1C0D9A4800441919 /* tabIndicatorTests.swift */ = {isa = PBXFileReference; lastKnownFileType = sourcecode.swift; path = tabIndicatorTests.swift; sourceTree = "<group>"; };
		9B6AB19D1C0D9A4800441919 /* Info.plist */ = {isa = PBXFileReference; lastKnownFileType = text.plist.xml; path = Info.plist; sourceTree = "<group>"; };
		9B6AB1A21C0D9A4800441919 /* tabIndicatorUITests.xctest */ = {isa = PBXFileReference; explicitFileType = wrapper.cfbundle; includeInIndex = 0; path = tabIndicatorUITests.xctest; sourceTree = BUILT_PRODUCTS_DIR; };
		9B6AB1A61C0D9A4800441919 /* tabIndicatorUITests.swift */ = {isa = PBXFileReference; lastKnownFileType = sourcecode.swift; path = tabIndicatorUITests.swift; sourceTree = "<group>"; };
		9B6AB1A81C0D9A4800441919 /* Info.plist */ = {isa = PBXFileReference; lastKnownFileType = text.plist.xml; path = Info.plist; sourceTree = "<group>"; };
		9B6AB1B41C0D9A6100441919 /* tabIndicator-Bridging-Header.h */ = {isa = PBXFileReference; lastKnownFileType = sourcecode.c.h; path = "tabIndicator-Bridging-Header.h"; sourceTree = "<group>"; };
		9B6AB1B51C0D9A6200441919 /* TBActivityView.h */ = {isa = PBXFileReference; fileEncoding = 4; lastKnownFileType = sourcecode.c.h; path = TBActivityView.h; sourceTree = "<group>"; };
		9B6AB1B61C0D9A6200441919 /* TBActivityView.m */ = {isa = PBXFileReference; fileEncoding = 4; lastKnownFileType = sourcecode.c.objc; path = TBActivityView.m; sourceTree = "<group>"; };
/* End PBXFileReference section */

/* Begin PBXFrameworksBuildPhase section */
		9B6AB1801C0D9A4800441919 /* Frameworks */ = {
			isa = PBXFrameworksBuildPhase;
			buildActionMask = 2147483647;
			files = (
			);
			runOnlyForDeploymentPostprocessing = 0;
		};
		9B6AB1941C0D9A4800441919 /* Frameworks */ = {
			isa = PBXFrameworksBuildPhase;
			buildActionMask = 2147483647;
			files = (
			);
			runOnlyForDeploymentPostprocessing = 0;
		};
		9B6AB19F1C0D9A4800441919 /* Frameworks */ = {
			isa = PBXFrameworksBuildPhase;
			buildActionMask = 2147483647;
			files = (
			);
			runOnlyForDeploymentPostprocessing = 0;
		};
/* End PBXFrameworksBuildPhase section */

/* Begin PBXGroup section */
		9B6AB17A1C0D9A4800441919 = {
			isa = PBXGroup;
			children = (
				9B6AB1851C0D9A4800441919 /* tabIndicator */,
				9B6AB19A1C0D9A4800441919 /* tabIndicatorTests */,
				9B6AB1A51C0D9A4800441919 /* tabIndicatorUITests */,
				9B6AB1841C0D9A4800441919 /* Products */,
			);
			sourceTree = "<group>";
		};
		9B6AB1841C0D9A4800441919 /* Products */ = {
			isa = PBXGroup;
			children = (
				9B6AB1831C0D9A4800441919 /* tabIndicator.app */,
				9B6AB1971C0D9A4800441919 /* tabIndicatorTests.xctest */,
				9B6AB1A21C0D9A4800441919 /* tabIndicatorUITests.xctest */,
			);
			name = Products;
			sourceTree = "<group>";
		};
		9B6AB1851C0D9A4800441919 /* tabIndicator */ = {
			isa = PBXGroup;
			children = (
				9B6AB1861C0D9A4800441919 /* AppDelegate.swift */,
				9B6AB1881C0D9A4800441919 /* ViewController.swift */,
				9B6AB1B51C0D9A6200441919 /* TBActivityView.h */,
				9B6AB1B61C0D9A6200441919 /* TBActivityView.m */,
				9B6AB18A1C0D9A4800441919 /* Main.storyboard */,
				9B6AB18D1C0D9A4800441919 /* Assets.xcassets */,
				9B6AB18F1C0D9A4800441919 /* LaunchScreen.storyboard */,
				9B6AB1921C0D9A4800441919 /* Info.plist */,
				9B6AB1B41C0D9A6100441919 /* tabIndicator-Bridging-Header.h */,
			);
			path = tabIndicator;
			sourceTree = "<group>";
		};
		9B6AB19A1C0D9A4800441919 /* tabIndicatorTests */ = {
			isa = PBXGroup;
			children = (
				9B6AB19B1C0D9A4800441919 /* tabIndicatorTests.swift */,
				9B6AB19D1C0D9A4800441919 /* Info.plist */,
			);
			path = tabIndicatorTests;
			sourceTree = "<group>";
		};
		9B6AB1A51C0D9A4800441919 /* tabIndicatorUITests */ = {
			isa = PBXGroup;
			children = (
				9B6AB1A61C0D9A4800441919 /* tabIndicatorUITests.swift */,
				9B6AB1A81C0D9A4800441919 /* Info.plist */,
			);
			path = tabIndicatorUITests;
			sourceTree = "<group>";
		};
/* End PBXGroup section */

/* Begin PBXNativeTarget section */
		9B6AB1821C0D9A4800441919 /* tabIndicator */ = {
			isa = PBXNativeTarget;
			buildConfigurationList = 9B6AB1AB1C0D9A4800441919 /* Build configuration list for PBXNativeTarget "tabIndicator" */;
			buildPhases = (
				9B6AB17F1C0D9A4800441919 /* Sources */,
				9B6AB1801C0D9A4800441919 /* Frameworks */,
				9B6AB1811C0D9A4800441919 /* Resources */,
			);
			buildRules = (
			);
			dependencies = (
			);
			name = tabIndicator;
			productName = tabIndicator;
			productReference = 9B6AB1831C0D9A4800441919 /* tabIndicator.app */;
			productType = "com.apple.product-type.application";
		};
		9B6AB1961C0D9A4800441919 /* tabIndicatorTests */ = {
			isa = PBXNativeTarget;
			buildConfigurationList = 9B6AB1AE1C0D9A4800441919 /* Build configuration list for PBXNativeTarget "tabIndicatorTests" */;
			buildPhases = (
				9B6AB1931C0D9A4800441919 /* Sources */,
				9B6AB1941C0D9A4800441919 /* Frameworks */,
				9B6AB1951C0D9A4800441919 /* Resources */,
			);
			buildRules = (
			);
			dependencies = (
				9B6AB1991C0D9A4800441919 /* PBXTargetDependency */,
			);
			name = tabIndicatorTests;
			productName = tabIndicatorTests;
			productReference = 9B6AB1971C0D9A4800441919 /* tabIndicatorTests.xctest */;
			productType = "com.apple.product-type.bundle.unit-test";
		};
		9B6AB1A11C0D9A4800441919 /* tabIndicatorUITests */ = {
			isa = PBXNativeTarget;
			buildConfigurationList = 9B6AB1B11C0D9A4800441919 /* Build configuration list for PBXNativeTarget "tabIndicatorUITests" */;
			buildPhases = (
				9B6AB19E1C0D9A4800441919 /* Sources */,
				9B6AB19F1C0D9A4800441919 /* Frameworks */,
				9B6AB1A01C0D9A4800441919 /* Resources */,
			);
			buildRules = (
			);
			dependencies = (
				9B6AB1A41C0D9A4800441919 /* PBXTargetDependency */,
			);
			name = tabIndicatorUITests;
			productName = tabIndicatorUITests;
			productReference = 9B6AB1A21C0D9A4800441919 /* tabIndicatorUITests.xctest */;
			productType = "com.apple.product-type.bundle.ui-testing";
		};
/* End PBXNativeTarget section */

/* Begin PBXProject section */
		9B6AB17B1C0D9A4800441919 /* Project object */ = {
			isa = PBXProject;
			attributes = {
				LastSwiftUpdateCheck = 0710;
				LastUpgradeCheck = 0710;
				ORGANIZATIONNAME = " yanglc";
				TargetAttributes = {
					9B6AB1821C0D9A4800441919 = {
						CreatedOnToolsVersion = 7.1.1;
					};
					9B6AB1961C0D9A4800441919 = {
						CreatedOnToolsVersion = 7.1.1;
						TestTargetID = 9B6AB1821C0D9A4800441919;
					};
					9B6AB1A11C0D9A4800441919 = {
						CreatedOnToolsVersion = 7.1.1;
						TestTargetID = 9B6AB1821C0D9A4800441919;
					};
				};
			};
			buildConfigurationList = 9B6AB17E1C0D9A4800441919 /* Build configuration list for PBXProject "tabIndicator" */;
			compatibilityVersion = "Xcode 3.2";
			developmentRegion = English;
			hasScannedForEncodings = 0;
			knownRegions = (
				en,
				Base,
			);
			mainGroup = 9B6AB17A1C0D9A4800441919;
			productRefGroup = 9B6AB1841C0D9A4800441919 /* Products */;
			projectDirPath = "";
			projectRoot = "";
			targets = (
				9B6AB1821C0D9A4800441919 /* tabIndicator */,
				9B6AB1961C0D9A4800441919 /* tabIndicatorTests */,
				9B6AB1A11C0D9A4800441919 /* tabIndicatorUITests */,
			);
		};
/* End PBXProject section */

/* Begin PBXResourcesBuildPhase section */
		9B6AB1811C0D9A4800441919 /* Resources */ = {
			isa = PBXResourcesBuildPhase;
			buildActionMask = 2147483647;
			files = (
				9B6AB1911C0D9A4800441919 /* LaunchScreen.storyboard in Resources */,
				9B6AB18E1C0D9A4800441919 /* Assets.xcassets in Resources */,
				9B6AB18C1C0D9A4800441919 /* Main.storyboard in Resources */,
			);
			runOnlyForDeploymentPostprocessing = 0;
		};
		9B6AB1951C0D9A4800441919 /* Resources */ = {
			isa = PBXResourcesBuildPhase;
			buildActionMask = 2147483647;
			files = (
			);
			runOnlyForDeploymentPostprocessing = 0;
		};
		9B6AB1A01C0D9A4800441919 /* Resources */ = {
			isa = PBXResourcesBuildPhase;
			buildActionMask = 2147483647;
			files = (
			);
			runOnlyForDeploymentPostprocessing = 0;
		};
/* End PBXResourcesBuildPhase section */

/* Begin PBXSourcesBuildPhase section */
		9B6AB17F1C0D9A4800441919 /* Sources */ = {
			isa = PBXSourcesBuildPhase;
			buildActionMask = 2147483647;
			files = (
				9B6AB1891C0D9A4800441919 /* ViewController.swift in Sources */,
				9B6AB1B71C0D9A6200441919 /* TBActivityView.m in Sources */,
				9B6AB1871C0D9A4800441919 /* AppDelegate.swift in Sources */,
			);
			runOnlyForDeploymentPostprocessing = 0;
		};
		9B6AB1931C0D9A4800441919 /* Sources */ = {
			isa = PBXSourcesBuildPhase;
			buildActionMask = 2147483647;
			files = (
				9B6AB19C1C0D9A4800441919 /* tabIndicatorTests.swift in Sources */,
			);
			runOnlyForDeploymentPostprocessing = 0;
		};
		9B6AB19E1C0D9A4800441919 /* Sources */ = {
			isa = PBXSourcesBuildPhase;
			buildActionMask = 2147483647;
			files = (
				9B6AB1A71C0D9A4800441919 /* tabIndicatorUITests.swift in Sources */,
			);
			runOnlyForDeploymentPostprocessing = 0;
		};
/* End PBXSourcesBuildPhase section */

/* Begin PBXTargetDependency section */
		9B6AB1991C0D9A4800441919 /* PBXTargetDependency */ = {
			isa = PBXTargetDependency;
			target = 9B6AB1821C0D9A4800441919 /* tabIndicator */;
			targetProxy = 9B6AB1981C0D9A4800441919 /* PBXContainerItemProxy */;
		};
		9B6AB1A41C0D9A4800441919 /* PBXTargetDependency */ = {
			isa = PBXTargetDependency;
			target = 9B6AB1821C0D9A4800441919 /* tabIndicator */;
			targetProxy = 9B6AB1A31C0D9A4800441919 /* PBXContainerItemProxy */;
		};
/* End PBXTargetDependency section */

/* Begin PBXVariantGroup section */
		9B6AB18A1C0D9A4800441919 /* Main.storyboard */ = {
			isa = PBXVariantGroup;
			children = (
				9B6AB18B1C0D9A4800441919 /* Base */,
			);
			name = Main.storyboard;
			sourceTree = "<group>";
		};
		9B6AB18F1C0D9A4800441919 /* LaunchScreen.storyboard */ = {
			isa = PBXVariantGroup;
			children = (
				9B6AB1901C0D9A4800441919 /* Base */,
			);
			name = LaunchScreen.storyboard;
			sourceTree = "<group>";
		};
/* End PBXVariantGroup section */

/* Begin XCBuildConfiguration section */
		9B6AB1A91C0D9A4800441919 /* Debug */ = {
			isa = XCBuildConfiguration;
			buildSettings = {
				ALWAYS_SEARCH_USER_PATHS = NO;
				CLANG_CXX_LANGUAGE_STANDARD = "gnu++0x";
				CLANG_CXX_LIBRARY = "libc++";
				CLANG_ENABLE_MODULES = YES;
				CLANG_ENABLE_OBJC_ARC = YES;
				CLANG_WARN_BOOL_CONVERSION = YES;
				CLANG_WARN_CONSTANT_CONVERSION = YES;
				CLANG_WARN_DIRECT_OBJC_ISA_USAGE = YES_ERROR;
				CLANG_WARN_EMPTY_BODY = YES;
				CLANG_WARN_ENUM_CONVERSION = YES;
				CLANG_WARN_INT_CONVERSION = YES;
				CLANG_WARN_OBJC_ROOT_CLASS = YES_ERROR;
				CLANG_WARN_UNREACHABLE_CODE = YES;
				CLANG_WARN__DUPLICATE_METHOD_MATCH = YES;
				"CODE_SIGN_IDENTITY[sdk=iphoneos*]" = "iPhone Developer";
				COPY_PHASE_STRIP = NO;
				DEBUG_INFORMATION_FORMAT = dwarf;
				ENABLE_STRICT_OBJC_MSGSEND = YES;
				ENABLE_TESTABILITY = YES;
				GCC_C_LANGUAGE_STANDARD = gnu99;
				GCC_DYNAMIC_NO_PIC = NO;
				GCC_NO_COMMON_BLOCKS = YES;
				GCC_OPTIMIZATION_LEVEL = 0;
				GCC_PREPROCESSOR_DEFINITIONS = (
					"DEBUG=1",
					"$(inherited)",
				);
				GCC_WARN_64_TO_32_BIT_CONVERSION = YES;
				GCC_WARN_ABOUT_RETURN_TYPE = YES_ERROR;
				GCC_WARN_UNDECLARED_SELECTOR = YES;
				GCC_WARN_UNINITIALIZED_AUTOS = YES_AGGRESSIVE;
				GCC_WARN_UNUSED_FUNCTION = YES;
				GCC_WARN_UNUSED_VARIABLE = YES;
				IPHONEOS_DEPLOYMENT_TARGET = 9.1;
				MTL_ENABLE_DEBUG_INFO = YES;
				ONLY_ACTIVE_ARCH = YES;
				SDKROOT = iphoneos;
				SWIFT_OPTIMIZATION_LEVEL = "-Onone";
			};
			name = Debug;
		};
		9B6AB1AA1C0D9A4800441919 /* Release */ = {
			isa = XCBuildConfiguration;
			buildSettings = {
				ALWAYS_SEARCH_USER_PATHS = NO;
				CLANG_CXX_LANGUAGE_STANDARD = "gnu++0x";
				CLANG_CXX_LIBRARY = "libc++";
				CLANG_ENABLE_MODULES = YES;
				CLANG_ENABLE_OBJC_ARC = YES;
				CLANG_WARN_BOOL_CONVERSION = YES;
				CLANG_WARN_CONSTANT_CONVERSION = YES;
				CLANG_WARN_DIRECT_OBJC_ISA_USAGE = YES_ERROR;
				CLANG_WARN_EMPTY_BODY = YES;
				CLANG_WARN_ENUM_CONVERSION = YES;
				CLANG_WARN_INT_CONVERSION = YES;
				CLANG_WARN_OBJC_ROOT_CLASS = YES_ERROR;
				CLANG_WARN_UNREACHABLE_CODE = YES;
				CLANG_WARN__DUPLICATE_METHOD_MATCH = YES;
				"CODE_SIGN_IDENTITY[sdk=iphoneos*]" = "iPhone Developer";
				COPY_PHASE_STRIP = NO;
				DEBUG_INFORMATION_FORMAT = "dwarf-with-dsym";
				ENABLE_NS_ASSERTIONS = NO;
				ENABLE_STRICT_OBJC_MSGSEND = YES;
				GCC_C_LANGUAGE_STANDARD = gnu99;
				GCC_NO_COMMON_BLOCKS = YES;
				GCC_WARN_64_TO_32_BIT_CONVERSION = YES;
				GCC_WARN_ABOUT_RETURN_TYPE = YES_ERROR;
				GCC_WARN_UNDECLARED_SELECTOR = YES;
				GCC_WARN_UNINITIALIZED_AUTOS = YES_AGGRESSIVE;
				GCC_WARN_UNUSED_FUNCTION = YES;
				GCC_WARN_UNUSED_VARIABLE = YES;
				IPHONEOS_DEPLOYMENT_TARGET = 9.1;
				MTL_ENABLE_DEBUG_INFO = NO;
				SDKROOT = iphoneos;
				VALIDATE_PRODUCT = YES;
			};
			name = Release;
		};
		9B6AB1AC1C0D9A4800441919 /* Debug */ = {
			isa = XCBuildConfiguration;
			buildSettings = {
				ASSETCATALOG_COMPILER_APPICON_NAME = AppIcon;
				CLANG_ENABLE_MODULES = YES;
				INFOPLIST_FILE = tabIndicator/Info.plist;
				LD_RUNPATH_SEARCH_PATHS = "$(inherited) @executable_path/Frameworks";
				PRODUCT_BUNDLE_IDENTIFIER = xxx.com.tabIndicator;
				PRODUCT_NAME = "$(TARGET_NAME)";
				SWIFT_OBJC_BRIDGING_HEADER = "tabIndicator/tabIndicator-Bridging-Header.h";
				SWIFT_OPTIMIZATION_LEVEL = "-Onone";
			};
			name = Debug;
		};
		9B6AB1AD1C0D9A4800441919 /* Release */ = {
			isa = XCBuildConfiguration;
			buildSettings = {
				ASSETCATALOG_COMPILER_APPICON_NAME = AppIcon;
				CLANG_ENABLE_MODULES = YES;
				INFOPLIST_FILE = tabIndicator/Info.plist;
				LD_RUNPATH_SEARCH_PATHS = "$(inherited) @executable_path/Frameworks";
				PRODUCT_BUNDLE_IDENTIFIER = xxx.com.tabIndicator;
				PRODUCT_NAME = "$(TARGET_NAME)";
				SWIFT_OBJC_BRIDGING_HEADER = "tabIndicator/tabIndicator-Bridging-Header.h";
			};
			name = Release;
		};
		9B6AB1AF1C0D9A4800441919 /* Debug */ = {
			isa = XCBuildConfiguration;
			buildSettings = {
				BUNDLE_LOADER = "$(TEST_HOST)";
				INFOPLIST_FILE = tabIndicatorTests/Info.plist;
				LD_RUNPATH_SEARCH_PATHS = "$(inherited) @executable_path/Frameworks @loader_path/Frameworks";
				PRODUCT_BUNDLE_IDENTIFIER = xxx.com.tabIndicatorTests;
				PRODUCT_NAME = "$(TARGET_NAME)";
				TEST_HOST = "$(BUILT_PRODUCTS_DIR)/tabIndicator.app/tabIndicator";
			};
			name = Debug;
		};
		9B6AB1B01C0D9A4800441919 /* Release */ = {
			isa = XCBuildConfiguration;
			buildSettings = {
				BUNDLE_LOADER = "$(TEST_HOST)";
				INFOPLIST_FILE = tabIndicatorTests/Info.plist;
				LD_RUNPATH_SEARCH_PATHS = "$(inherited) @executable_path/Frameworks @loader_path/Frameworks";
				PRODUCT_BUNDLE_IDENTIFIER = xxx.com.tabIndicatorTests;
				PRODUCT_NAME = "$(TARGET_NAME)";
				TEST_HOST = "$(BUILT_PRODUCTS_DIR)/tabIndicator.app/tabIndicator";
			};
			name = Release;
		};
		9B6AB1B21C0D9A4800441919 /* Debug */ = {
			isa = XCBuildConfiguration;
			buildSettings = {
				INFOPLIST_FILE = tabIndicatorUITests/Info.plist;
				LD_RUNPATH_SEARCH_PATHS = "$(inherited) @executable_path/Frameworks @loader_path/Frameworks";
				PRODUCT_BUNDLE_IDENTIFIER = xxx.com.tabIndicatorUITests;
				PRODUCT_NAME = "$(TARGET_NAME)";
				TEST_TARGET_NAME = tabIndicator;
				USES_XCTRUNNER = YES;
			};
			name = Debug;
		};
		9B6AB1B31C0D9A4800441919 /* Release */ = {
			isa = XCBuildConfiguration;
			buildSettings = {
				INFOPLIST_FILE = tabIndicatorUITests/Info.plist;
				LD_RUNPATH_SEARCH_PATHS = "$(inherited) @executable_path/Frameworks @loader_path/Frameworks";
				PRODUCT_BUNDLE_IDENTIFIER = xxx.com.tabIndicatorUITests;
				PRODUCT_NAME = "$(TARGET_NAME)";
				TEST_TARGET_NAME = tabIndicator;
				USES_XCTRUNNER = YES;
			};
			name = Release;
		};
/* End XCBuildConfiguration section */

/* Begin XCConfigurationList section */
		9B6AB17E1C0D9A4800441919 /* Build configuration list for PBXProject "tabIndicator" */ = {
			isa = XCConfigurationList;
			buildConfigurations = (
				9B6AB1A91C0D9A4800441919 /* Debug */,
				9B6AB1AA1C0D9A4800441919 /* Release */,
			);
			defaultConfigurationIsVisible = 0;
			defaultConfigurationName = Release;
		};
		9B6AB1AB1C0D9A4800441919 /* Build configuration list for PBXNativeTarget "tabIndicator" */ = {
			isa = XCConfigurationList;
			buildConfigurations = (
				9B6AB1AC1C0D9A4800441919 /* Debug */,
				9B6AB1AD1C0D9A4800441919 /* Release */,
			);
			defaultConfigurationIsVisible = 0;
		};
		9B6AB1AE1C0D9A4800441919 /* Build configuration list for PBXNativeTarget "tabIndicatorTests" */ = {
			isa = XCConfigurationList;
			buildConfigurations = (
				9B6AB1AF1C0D9A4800441919 /* Debug */,
				9B6AB1B01C0D9A4800441919 /* Release */,
			);
			defaultConfigurationIsVisible = 0;
		};
		9B6AB1B11C0D9A4800441919 /* Build configuration list for PBXNativeTarget "tabIndicatorUITests" */ = {
			isa = XCConfigurationList;
			buildConfigurations = (
				9B6AB1B21C0D9A4800441919 /* Debug */,
				9B6AB1B31C0D9A4800441919 /* Release */,
			);
			defaultConfigurationIsVisible = 0;
		};
/* End XCConfigurationList section */
	};
	rootObject = 9B6AB17B1C0D9A4800441919 /* Project object */;
}
